
Microsoft Visual Studio Solution File, Format Version 12.00
# Visual Studio Version 16
VisualStudioVersion = 16.0.30128.74
MinimumVisualStudioVersion = 10.0.40219.1
Project("{FAE04EC0-301F-11D3-BF4B-00C04F79EFBC}") = "ExtensionMethod-AdvSplitLibrary", "ExtensionMethod-AdvSplitLibrary.csproj", "{EB2D159B-DBD1-4C67-9748-BB22ED6513C6}"
EndProject
Global
	GlobalSection(SolutionConfigurationPlatforms) = preSolution
		Debug|Any CPU = Debug|Any CPU
		Release|Any CPU = Release|Any CPU
	EndGlobalSection
	GlobalSection(ProjectConfigurationPlatforms) = postSolution
		{EB2D159B-DBD1-4C67-9748-BB22ED6513C6}.Debug|Any CPU.ActiveCfg = Debug|Any CPU
		{EB2D159B-DBD1-4C67-9748-BB22ED6513C6}.Debug|Any CPU.Build.0 = Debug|Any CPU
		{EB2D159B-DBD1-4C67-9748-BB22ED6513C6}.Release|Any CPU.ActiveCfg = Release|Any CPU
		{EB2D159B-DBD1-4C67-9748-BB22ED6513C6}.Release|Any CPU.Build.0 = Release|Any CPU
	EndGlobalSection
	GlobalSection(SolutionProperties) = preSolution
		HideSolutionNode = FALSE
	EndGlobalSection
	GlobalSection(ExtensibilityGlobals) = postSolution
		SolutionGuid = {C930E16A-662E-4CAF-BC1F-EFAB75687E74}
	EndGlobalSection
EndGlobal
